<?xml version="1.0" encoding="utf-8"?>
<Project ToolsVersion="4.0" xmlns="http://schemas.microsoft.com/developer/msbuild/2003">
  <ItemGroup>
    <Filter Include="Исходные файлы">
      <UniqueIdentifier>{4FC737F1-C7A5-4376-A066-2A32D752A2FF}</UniqueIdentifier>
      <Extensions>cpp;c;cc;cxx;def;odl;idl;hpj;bat;asm;asmx</Extensions>
    </Filter>
    <Filter Include="Файлы заголовков">
      <UniqueIdentifier>{93995380-89BD-4b04-88EB-625FBE52EBFB}</UniqueIdentifier>
      <Extensions>h;hh;hpp;hxx;hm;inl;inc;ipp;xsd</Extensions>
    </Filter>
    <Filter Include="Файлы ресурсов">
      <UniqueIdentifier>{67DA6AB6-F800-4c08-8B7A-83BB121AAD01}</UniqueIdentifier>
      <Extensions>rc;ico;cur;bmp;dlg;rc2;rct;bin;rgs;gif;jpg;jpeg;jpe;resx;tiff;tif;png;wav;mfcribbon-ms</Extensions>
    </Filter>
    <Filter Include="GCode">
      <UniqueIdentifier>{8234d5a8-27d9-46a8-bd67-08ac78509e37}</UniqueIdentifier>
    </Filter>
  </ItemGroup>
  <ItemGroup>
    <ClCompile Include="edit.cpp">
      <Filter>Исходные файлы</Filter>
    </ClCompile>
    <ClCompile Include="prefs.cpp">
      <Filter>Исходные файлы</Filter>
    </ClCompile>
    <ClCompile Include="LexGCode.cxx">
      <Filter>Исходные файлы</Filter>
    </ClCompile>
    <ClCompile Include="propertiesdlg.cpp">
      <Filter>Исходные файлы</Filter>
    </ClCompile>
    <ClCompile Include="about.cpp">
      <Filter>Исходные файлы</Filter>
    </ClCompile>
    <ClCompile Include="app.cpp">
      <Filter>Исходные файлы</Filter>
    </ClCompile>
    <ClCompile Include="appframe.cpp">
      <Filter>Исходные файлы</Filter>
    </ClCompile>
    <ClCompile Include="..\Gcode\GCodeInterpreter.cpp">
      <Filter>GCode</Filter>
    </ClCompile>
    <ClCompile Include="executorlog.cpp">
      <Filter>Исходные файлы</Filter>
    </ClCompile>
    <ClCompile Include="..\Gcode\ilogger.cpp">
      <Filter>GCode</Filter>
    </ClCompile>
    <ClCompile Include="ViewGCode.cpp">
      <Filter>Исходные файлы</Filter>
    </ClCompile>
    <ClCompile Include="executorview.cpp">
      <Filter>Исходные файлы</Filter>
    </ClCompile>
    <ClCompile Include="..\Gcode\cmdparser.cpp">
      <Filter>GCode</Filter>
    </ClCompile>
    <ClCompile Include="..\Gcode\environmentsimple.cpp">
      <Filter>GCode</Filter>
    </ClCompile>
    <ClCompile Include="..\Gcode\macrob.cpp">
      <Filter>Исходные файлы</Filter>
    </ClCompile>
  </ItemGroup>
  <ItemGroup>
    <ClInclude Include="resource.h">
      <Filter>Файлы заголовков</Filter>
    </ClInclude>
    <ClInclude Include="edit.h">
      <Filter>Файлы заголовков</Filter>
    </ClInclude>
    <ClInclude Include="prefs.h">
      <Filter>Файлы заголовков</Filter>
    </ClInclude>
    <ClInclude Include="LexGCode.h">
      <Filter>Файлы заголовков</Filter>
    </ClInclude>
    <ClInclude Include="propertiesdlg.h">
      <Filter>Файлы заголовков</Filter>
    </ClInclude>
    <ClInclude Include="about.h">
      <Filter>Файлы заголовков</Filter>
    </ClInclude>
    <ClInclude Include="appframe.h">
      <Filter>Файлы заголовков</Filter>
    </ClInclude>
    <ClInclude Include="appdefs.h">
      <Filter>Файлы заголовков</Filter>
    </ClInclude>
    <ClInclude Include="defsext.h">
      <Filter>Файлы заголовков</Filter>
    </ClInclude>
    <ClInclude Include="..\Gcode\GCodeInterpreter.h">
      <Filter>GCode</Filter>
    </ClInclude>
    <ClInclude Include="..\Gcode\ienvironment.h">
      <Filter>GCode</Filter>
    </ClInclude>
    <ClInclude Include="..\Gcode\Iexecutor.h">
      <Filter>GCode</Filter>
    </ClInclude>
    <ClInclude Include="executorlog.h">
      <Filter>Файлы заголовков</Filter>
    </ClInclude>
    <ClInclude Include="..\Gcode\ilogger.h">
      <Filter>GCode</Filter>
    </ClInclude>
    <ClInclude Include="ViewGCode.h">
      <Filter>Файлы заголовков</Filter>
    </ClInclude>
    <ClInclude Include="executorview.h">
      <Filter>Файлы заголовков</Filter>
    </ClInclude>
    <ClInclude Include="..\Gcode\cmdparser.h">
      <Filter>GCode</Filter>
    </ClInclude>
    <ClInclude Include="..\Gcode\gcodedefs.h">
      <Filter>GCode</Filter>
    </ClInclude>
    <ClInclude Include="..\Gcode\environmentsimple.h">
      <Filter>GCode</Filter>
    </ClInclude>
  </ItemGroup>
  <ItemGroup>
    <ResourceCompile Include="EditorWx.rc">
      <Filter>Файлы ресурсов</Filter>
    </ResourceCompile>
  </ItemGroup>
</Project>