<?xml version="1.0" encoding="utf-8"?>
<Project ToolsVersion="4.0" xmlns="http://schemas.microsoft.com/developer/msbuild/2003">
  <ItemGroup>
    <Filter Include="Исходные файлы">
      <UniqueIdentifier>{4FC737F1-C7A5-4376-A066-2A32D752A2FF}</UniqueIdentifier>
      <Extensions>cpp;c;cc;cxx;def;odl;idl;hpj;bat;asm;asmx</Extensions>
    </Filter>
    <Filter Include="Файлы заголовков">
      <UniqueIdentifier>{93995380-89BD-4b04-88EB-625FBE52EBFB}</UniqueIdentifier>
      <Extensions>h;hh;hpp;hxx;hm;inl;inc;ipp;xsd</Extensions>
    </Filter>
    <Filter Include="Файлы ресурсов">
      <UniqueIdentifier>{67DA6AB6-F800-4c08-8B7A-83BB121AAD01}</UniqueIdentifier>
      <Extensions>rc;ico;cur;bmp;dlg;rc2;rct;bin;rgs;gif;jpg;jpeg;jpe;resx;tiff;tif;png;wav;mfcribbon-ms</Extensions>
    </Filter>
  </ItemGroup>
  <ItemGroup>
    <ClInclude Include="grammartypes.h">
      <Filter>Файлы заголовков</Filter>
    </ClInclude>
    <ClInclude Include="builtin.h">
      <Filter>Файлы заголовков</Filter>
    </ClInclude>
    <ClInclude Include="builtin_dxf.h">
      <Filter>Файлы заголовков</Filter>
    </ClInclude>
    <ClInclude Include="builtin_gcode.h">
      <Filter>Файлы заголовков</Filter>
    </ClInclude>
    <ClInclude Include="builtin_svg.h">
      <Filter>Файлы заголовков</Filter>
    </ClInclude>
    <ClInclude Include="checkarg.h">
      <Filter>Файлы заголовков</Filter>
    </ClInclude>
    <ClInclude Include="fonts.h">
      <Filter>Файлы заголовков</Filter>
    </ClInclude>
    <ClInclude Include="gcmc.h">
      <Filter>Файлы заголовков</Filter>
    </ClInclude>
    <ClInclude Include="interpreter.h">
      <Filter>Файлы заголовков</Filter>
    </ClInclude>
    <ClInclude Include="utils.h">
      <Filter>Файлы заголовков</Filter>
    </ClInclude>
    <ClInclude Include="value.h">
      <Filter>Файлы заголовков</Filter>
    </ClInclude>
    <ClInclude Include="variable.h">
      <Filter>Файлы заголовков</Filter>
    </ClInclude>
    <ClInclude Include="config.h">
      <Filter>Файлы заголовков</Filter>
    </ClInclude>
    <ClInclude Include="grammary.h">
      <Filter>Файлы заголовков</Filter>
    </ClInclude>
  </ItemGroup>
  <ItemGroup>
    <Flex Include="grammarl.l" />
  </ItemGroup>
  <ItemGroup>
    <ClCompile Include="builtin.c">
      <Filter>Исходные файлы</Filter>
    </ClCompile>
    <ClCompile Include="builtin_dxf.c">
      <Filter>Исходные файлы</Filter>
    </ClCompile>
    <ClCompile Include="builtin_gcode.c">
      <Filter>Исходные файлы</Filter>
    </ClCompile>
    <ClCompile Include="builtin_svg.c">
      <Filter>Исходные файлы</Filter>
    </ClCompile>
    <ClCompile Include="checkarg.c">
      <Filter>Исходные файлы</Filter>
    </ClCompile>
    <ClCompile Include="fonts.c">
      <Filter>Исходные файлы</Filter>
    </ClCompile>
    <ClCompile Include="gcmc.c">
      <Filter>Исходные файлы</Filter>
    </ClCompile>
    <ClCompile Include="interpreter.c">
      <Filter>Исходные файлы</Filter>
    </ClCompile>
    <ClCompile Include="utils.c">
      <Filter>Исходные файлы</Filter>
    </ClCompile>
    <ClCompile Include="value.c">
      <Filter>Исходные файлы</Filter>
    </ClCompile>
    <ClCompile Include="variable.c">
      <Filter>Исходные файлы</Filter>
    </ClCompile>
    <ClCompile Include="grammarl.c">
      <Filter>Исходные файлы</Filter>
    </ClCompile>
    <ClCompile Include="grammary.c">
      <Filter>Исходные файлы</Filter>
    </ClCompile>
  </ItemGroup>
  <ItemGroup>
    <Bison Include="grammary.y" />
  </ItemGroup>
</Project>